
Microsoft Visual Studio Solution File, Format Version 12.00
# Visual Studio Version 17
VisualStudioVersion = 17.9.34310.174
MinimumVisualStudioVersion = 10.0.40219.1
Project("{2150E333-8FDC-42A3-9474-1A3956D46DE8}") = "Services", "Services", "{DF4665C5-8D9B-40C9-95F0-71BEEF9975EE}"
EndProject
Project("{2150E333-8FDC-42A3-9474-1A3956D46DE8}") = "Catalog", "Catalog", "{FE34D287-227B-46AF-ADB6-D93B61A8A6E9}"
EndProject
Project("{9A19103F-16F7-4668-BE54-9A1E7A4F7556}") = "Catalog.API", "Services\Catalog\Catalog.API\Catalog.API.csproj", "{48FE0CA5-FC05-4732-9778-94C5F5A4DD26}"
EndProject
Project("{E53339B2-1760-4266-BCC7-CA923CBCF16C}") = "docker-compose", "docker-compose.dcproj", "{24B78E4C-0C46-46A9-819D-0D6607BC88DE}"
EndProject
Project("{2150E333-8FDC-42A3-9474-1A3956D46DE8}") = "Basket", "Basket", "{F0384C0B-EC9F-4395-B3C1-8BA90432E62E}"
EndProject
Project("{9A19103F-16F7-4668-BE54-9A1E7A4F7556}") = "Basket.API", "Services\Basket\Basket.API\Basket.API.csproj", "{27D8F2BB-1265-4BF4-ACFC-39E0E36A3DBE}"
EndProject
Project("{2150E333-8FDC-42A3-9474-1A3956D46DE8}") = "Discount", "Discount", "{39DBAFDA-F38F-40FA-9CC2-87A62E88483B}"
EndProject
Project("{9A19103F-16F7-4668-BE54-9A1E7A4F7556}") = "Discount.API", "Services\Discount\Discount.API\Discount.API.csproj", "{BF1A68F1-75F9-4FB5-BEDB-E7EE5AB6A01D}"
EndProject
Project("{FAE04EC0-301F-11D3-BF4B-00C04F79EFBC}") = "Discount.Grpc", "Services\Discount\Discount.Grpc\Discount.Grpc.csproj", "{6E29FB2A-2C13-4F13-B33E-790B0701B6A2}"
EndProject
Global
	GlobalSection(SolutionConfigurationPlatforms) = preSolution
		Debug|Any CPU = Debug|Any CPU
		Release|Any CPU = Release|Any CPU
	EndGlobalSection
	GlobalSection(ProjectConfigurationPlatforms) = postSolution
		{48FE0CA5-FC05-4732-9778-94C5F5A4DD26}.Debug|Any CPU.ActiveCfg = Debug|Any CPU
		{48FE0CA5-FC05-4732-9778-94C5F5A4DD26}.Debug|Any CPU.Build.0 = Debug|Any CPU
		{48FE0CA5-FC05-4732-9778-94C5F5A4DD26}.Release|Any CPU.ActiveCfg = Release|Any CPU
		{48FE0CA5-FC05-4732-9778-94C5F5A4DD26}.Release|Any CPU.Build.0 = Release|Any CPU
		{24B78E4C-0C46-46A9-819D-0D6607BC88DE}.Debug|Any CPU.ActiveCfg = Debug|Any CPU
		{24B78E4C-0C46-46A9-819D-0D6607BC88DE}.Debug|Any CPU.Build.0 = Debug|Any CPU
		{24B78E4C-0C46-46A9-819D-0D6607BC88DE}.Release|Any CPU.ActiveCfg = Release|Any CPU
		{24B78E4C-0C46-46A9-819D-0D6607BC88DE}.Release|Any CPU.Build.0 = Release|Any CPU
		{27D8F2BB-1265-4BF4-ACFC-39E0E36A3DBE}.Debug|Any CPU.ActiveCfg = Debug|Any CPU
		{27D8F2BB-1265-4BF4-ACFC-39E0E36A3DBE}.Debug|Any CPU.Build.0 = Debug|Any CPU
		{27D8F2BB-1265-4BF4-ACFC-39E0E36A3DBE}.Release|Any CPU.ActiveCfg = Release|Any CPU
		{27D8F2BB-1265-4BF4-ACFC-39E0E36A3DBE}.Release|Any CPU.Build.0 = Release|Any CPU
		{BF1A68F1-75F9-4FB5-BEDB-E7EE5AB6A01D}.Debug|Any CPU.ActiveCfg = Debug|Any CPU
		{BF1A68F1-75F9-4FB5-BEDB-E7EE5AB6A01D}.Debug|Any CPU.Build.0 = Debug|Any CPU
		{BF1A68F1-75F9-4FB5-BEDB-E7EE5AB6A01D}.Release|Any CPU.ActiveCfg = Release|Any CPU
		{BF1A68F1-75F9-4FB5-BEDB-E7EE5AB6A01D}.Release|Any CPU.Build.0 = Release|Any CPU
		{6E29FB2A-2C13-4F13-B33E-790B0701B6A2}.Debug|Any CPU.ActiveCfg = Debug|Any CPU
		{6E29FB2A-2C13-4F13-B33E-790B0701B6A2}.Debug|Any CPU.Build.0 = Debug|Any CPU
		{6E29FB2A-2C13-4F13-B33E-790B0701B6A2}.Release|Any CPU.ActiveCfg = Release|Any CPU
		{6E29FB2A-2C13-4F13-B33E-790B0701B6A2}.Release|Any CPU.Build.0 = Release|Any CPU
	EndGlobalSection
	GlobalSection(SolutionProperties) = preSolution
		HideSolutionNode = FALSE
	EndGlobalSection
	GlobalSection(NestedProjects) = preSolution
		{FE34D287-227B-46AF-ADB6-D93B61A8A6E9} = {DF4665C5-8D9B-40C9-95F0-71BEEF9975EE}
		{48FE0CA5-FC05-4732-9778-94C5F5A4DD26} = {FE34D287-227B-46AF-ADB6-D93B61A8A6E9}
		{F0384C0B-EC9F-4395-B3C1-8BA90432E62E} = {DF4665C5-8D9B-40C9-95F0-71BEEF9975EE}
		{27D8F2BB-1265-4BF4-ACFC-39E0E36A3DBE} = {F0384C0B-EC9F-4395-B3C1-8BA90432E62E}
		{39DBAFDA-F38F-40FA-9CC2-87A62E88483B} = {DF4665C5-8D9B-40C9-95F0-71BEEF9975EE}
		{BF1A68F1-75F9-4FB5-BEDB-E7EE5AB6A01D} = {39DBAFDA-F38F-40FA-9CC2-87A62E88483B}
		{6E29FB2A-2C13-4F13-B33E-790B0701B6A2} = {39DBAFDA-F38F-40FA-9CC2-87A62E88483B}
	EndGlobalSection
	GlobalSection(ExtensibilityGlobals) = postSolution
		SolutionGuid = {FAA105ED-D059-4422-8257-A3E8CC4CDA58}
	EndGlobalSection
EndGlobal
